
Microsoft Visual Studio Solution File, Format Version 12.00
# Visual Studio Version 16
VisualStudioVersion = 16.0.30114.105
MinimumVisualStudioVersion = 10.0.40219.1
Project("{FAE04EC0-301F-11D3-BF4B-00C04F79EFBC}") = "Client", "Client\Client.csproj", "{93F33A9B-26A6-4BB4-97D7-AFF02052176F}"
EndProject
Project("{FAE04EC0-301F-11D3-BF4B-00C04F79EFBC}") = "Functions101", "Functions101\Functions101.csproj", "{AE55B4E3-A396-444B-89B3-6A3673F4DF04}"
EndProject
Global
	GlobalSection(SolutionConfigurationPlatforms) = preSolution
		Debug|Any CPU = Debug|Any CPU
		Release|Any CPU = Release|Any CPU
	EndGlobalSection
	GlobalSection(SolutionProperties) = preSolution
		HideSolutionNode = FALSE
	EndGlobalSection
	GlobalSection(ProjectConfigurationPlatforms) = postSolution
		{93F33A9B-26A6-4BB4-97D7-AFF02052176F}.Debug|Any CPU.ActiveCfg = Debug|Any CPU
		{93F33A9B-26A6-4BB4-97D7-AFF02052176F}.Debug|Any CPU.Build.0 = Debug|Any CPU
		{93F33A9B-26A6-4BB4-97D7-AFF02052176F}.Release|Any CPU.ActiveCfg = Release|Any CPU
		{93F33A9B-26A6-4BB4-97D7-AFF02052176F}.Release|Any CPU.Build.0 = Release|Any CPU
		{AE55B4E3-A396-444B-89B3-6A3673F4DF04}.Debug|Any CPU.ActiveCfg = Debug|Any CPU
		{AE55B4E3-A396-444B-89B3-6A3673F4DF04}.Debug|Any CPU.Build.0 = Debug|Any CPU
		{AE55B4E3-A396-444B-89B3-6A3673F4DF04}.Release|Any CPU.ActiveCfg = Release|Any CPU
		{AE55B4E3-A396-444B-89B3-6A3673F4DF04}.Release|Any CPU.Build.0 = Release|Any CPU
	EndGlobalSection
EndGlobal
